
Microsoft Visual Studio Solution File, Format Version 12.00
# Visual Studio Version 17
VisualStudioVersion = 17.9.34607.119
MinimumVisualStudioVersion = 10.0.40219.1
Project("{9A19103F-16F7-4668-BE54-9A1E7A4F7556}") = "onion-architeture", "onion-architeture.csproj", "{6BDACD7B-1A39-41D1-9681-5CE72EC3ED1D}"
EndProject
Project("{9A19103F-16F7-4668-BE54-9A1E7A4F7556}") = "JwtAuthApi", "..\JwtAuthApi\JwtAuthApi.csproj", "{6A50093C-0C25-4489-8441-84F1490E600E}"
EndProject
Global
	GlobalSection(SolutionConfigurationPlatforms) = preSolution
		Debug|Any CPU = Debug|Any CPU
		Release|Any CPU = Release|Any CPU
	EndGlobalSection
	GlobalSection(ProjectConfigurationPlatforms) = postSolution
		{6BDACD7B-1A39-41D1-9681-5CE72EC3ED1D}.Debug|Any CPU.ActiveCfg = Debug|Any CPU
		{6BDACD7B-1A39-41D1-9681-5CE72EC3ED1D}.Debug|Any CPU.Build.0 = Debug|Any CPU
		{6BDACD7B-1A39-41D1-9681-5CE72EC3ED1D}.Release|Any CPU.ActiveCfg = Release|Any CPU
		{6BDACD7B-1A39-41D1-9681-5CE72EC3ED1D}.Release|Any CPU.Build.0 = Release|Any CPU
		{6A50093C-0C25-4489-8441-84F1490E600E}.Debug|Any CPU.ActiveCfg = Debug|Any CPU
		{6A50093C-0C25-4489-8441-84F1490E600E}.Debug|Any CPU.Build.0 = Debug|Any CPU
		{6A50093C-0C25-4489-8441-84F1490E600E}.Release|Any CPU.ActiveCfg = Release|Any CPU
		{6A50093C-0C25-4489-8441-84F1490E600E}.Release|Any CPU.Build.0 = Release|Any CPU
	EndGlobalSection
	GlobalSection(SolutionProperties) = preSolution
		HideSolutionNode = FALSE
	EndGlobalSection
	GlobalSection(ExtensibilityGlobals) = postSolution
		SolutionGuid = {83E9D70A-1A82-4900-AD73-DB41E0716B49}
	EndGlobalSection
EndGlobal
